
Microsoft Visual Studio Solution File, Format Version 12.00
# Visual Studio 15
VisualStudioVersion = 15.0.26730.16
MinimumVisualStudioVersion = 10.0.40219.1
Project("{9A19103F-16F7-4668-BE54-9A1E7A4F7556}") = "AgendaCCB.Data", "AgendaCCB.Data\AgendaCCB.Data.csproj", "{8D3B8382-A625-4274-986E-417FD75F62FA}"
EndProject
Project("{FAE04EC0-301F-11D3-BF4B-00C04F79EFBC}") = "AgendaCCB.App", "AgendaCCB.App\AgendaCCB.App\AgendaCCB.App.csproj", "{1DEE94AC-60EA-4263-836B-71531242E62C}"
EndProject
Project("{FAE04EC0-301F-11D3-BF4B-00C04F79EFBC}") = "AgendaCCB.App.Droid", "AgendaCCB.App\AgendaCCB.App.Droid\AgendaCCB.App.Droid.csproj", "{DF3B4835-067B-46E1-8D2C-E9A96BD1C0FE}"
EndProject
Project("{FAE04EC0-301F-11D3-BF4B-00C04F79EFBC}") = "AgendaCCB.App.iOS", "AgendaCCB.App\AgendaCCB.App.iOS\AgendaCCB.App.iOS.csproj", "{D0209C9A-8959-4CD1-9B0D-CCFE926DED5D}"
EndProject
Project("{FAE04EC0-301F-11D3-BF4B-00C04F79EFBC}") = "AgendaCCB.App.UWP", "AgendaCCB.App\AgendaCCB.App.UWP\AgendaCCB.App.UWP.csproj", "{E5C9A34B-BE2A-4717-B991-09A39949CF10}"
EndProject
Project("{2150E333-8FDC-42A3-9474-1A3956D46DE8}") = "App", "App", "{CFCD9D9F-1BC8-47C0-B399-10099A1A1D86}"
EndProject
Project("{9A19103F-16F7-4668-BE54-9A1E7A4F7556}") = "AgendaCCB.Web", "AgendaCCB.Web\AgendaCCB.Web.csproj", "{F8D319C0-AF1C-4861-93BF-D57922BB9C3E}"
EndProject
Project("{FAE04EC0-301F-11D3-BF4B-00C04F79EFBC}") = "AgendaCCB.Api", "AgendaCCB.Api\AgendaCCB.Api.csproj", "{DC0422FF-6523-4D7E-AEB1-6F57D76505FA}"
EndProject
Global
	GlobalSection(SolutionConfigurationPlatforms) = preSolution
		Ad-Hoc|Any CPU = Ad-Hoc|Any CPU
		Ad-Hoc|ARM = Ad-Hoc|ARM
		Ad-Hoc|iPhone = Ad-Hoc|iPhone
		Ad-Hoc|iPhoneSimulator = Ad-Hoc|iPhoneSimulator
		Ad-Hoc|x64 = Ad-Hoc|x64
		Ad-Hoc|x86 = Ad-Hoc|x86
		AppStore|Any CPU = AppStore|Any CPU
		AppStore|ARM = AppStore|ARM
		AppStore|iPhone = AppStore|iPhone
		AppStore|iPhoneSimulator = AppStore|iPhoneSimulator
		AppStore|x64 = AppStore|x64
		AppStore|x86 = AppStore|x86
		Debug|Any CPU = Debug|Any CPU
		Debug|ARM = Debug|ARM
		Debug|iPhone = Debug|iPhone
		Debug|iPhoneSimulator = Debug|iPhoneSimulator
		Debug|x64 = Debug|x64
		Debug|x86 = Debug|x86
		Release|Any CPU = Release|Any CPU
		Release|ARM = Release|ARM
		Release|iPhone = Release|iPhone
		Release|iPhoneSimulator = Release|iPhoneSimulator
		Release|x64 = Release|x64
		Release|x86 = Release|x86
	EndGlobalSection
	GlobalSection(ProjectConfigurationPlatforms) = postSolution
		{8D3B8382-A625-4274-986E-417FD75F62FA}.Ad-Hoc|Any CPU.ActiveCfg = Release|Any CPU
		{8D3B8382-A625-4274-986E-417FD75F62FA}.Ad-Hoc|Any CPU.Build.0 = Release|Any CPU
		{8D3B8382-A625-4274-986E-417FD75F62FA}.Ad-Hoc|ARM.ActiveCfg = Release|Any CPU
		{8D3B8382-A625-4274-986E-417FD75F62FA}.Ad-Hoc|ARM.Build.0 = Release|Any CPU
		{8D3B8382-A625-4274-986E-417FD75F62FA}.Ad-Hoc|iPhone.ActiveCfg = Release|Any CPU
		{8D3B8382-A625-4274-986E-417FD75F62FA}.Ad-Hoc|iPhone.Build.0 = Release|Any CPU
		{8D3B8382-A625-4274-986E-417FD75F62FA}.Ad-Hoc|iPhoneSimulator.ActiveCfg = Release|Any CPU
		{8D3B8382-A625-4274-986E-417FD75F62FA}.Ad-Hoc|iPhoneSimulator.Build.0 = Release|Any CPU
		{8D3B8382-A625-4274-986E-417FD75F62FA}.Ad-Hoc|x64.ActiveCfg = Release|Any CPU
		{8D3B8382-A625-4274-986E-417FD75F62FA}.Ad-Hoc|x64.Build.0 = Release|Any CPU
		{8D3B8382-A625-4274-986E-417FD75F62FA}.Ad-Hoc|x86.ActiveCfg = Release|Any CPU
		{8D3B8382-A625-4274-986E-417FD75F62FA}.Ad-Hoc|x86.Build.0 = Release|Any CPU
		{8D3B8382-A625-4274-986E-417FD75F62FA}.AppStore|Any CPU.ActiveCfg = Release|Any CPU
		{8D3B8382-A625-4274-986E-417FD75F62FA}.AppStore|Any CPU.Build.0 = Release|Any CPU
		{8D3B8382-A625-4274-986E-417FD75F62FA}.AppStore|ARM.ActiveCfg = Release|Any CPU
		{8D3B8382-A625-4274-986E-417FD75F62FA}.AppStore|ARM.Build.0 = Release|Any CPU
		{8D3B8382-A625-4274-986E-417FD75F62FA}.AppStore|iPhone.ActiveCfg = Release|Any CPU
		{8D3B8382-A625-4274-986E-417FD75F62FA}.AppStore|iPhone.Build.0 = Release|Any CPU
		{8D3B8382-A625-4274-986E-417FD75F62FA}.AppStore|iPhoneSimulator.ActiveCfg = Release|Any CPU
		{8D3B8382-A625-4274-986E-417FD75F62FA}.AppStore|iPhoneSimulator.Build.0 = Release|Any CPU
		{8D3B8382-A625-4274-986E-417FD75F62FA}.AppStore|x64.ActiveCfg = Release|Any CPU
		{8D3B8382-A625-4274-986E-417FD75F62FA}.AppStore|x64.Build.0 = Release|Any CPU
		{8D3B8382-A625-4274-986E-417FD75F62FA}.AppStore|x86.ActiveCfg = Release|Any CPU
		{8D3B8382-A625-4274-986E-417FD75F62FA}.AppStore|x86.Build.0 = Release|Any CPU
		{8D3B8382-A625-4274-986E-417FD75F62FA}.Debug|Any CPU.ActiveCfg = Debug|Any CPU
		{8D3B8382-A625-4274-986E-417FD75F62FA}.Debug|Any CPU.Build.0 = Debug|Any CPU
		{8D3B8382-A625-4274-986E-417FD75F62FA}.Debug|ARM.ActiveCfg = Debug|Any CPU
		{8D3B8382-A625-4274-986E-417FD75F62FA}.Debug|ARM.Build.0 = Debug|Any CPU
		{8D3B8382-A625-4274-986E-417FD75F62FA}.Debug|iPhone.ActiveCfg = Debug|Any CPU
		{8D3B8382-A625-4274-986E-417FD75F62FA}.Debug|iPhone.Build.0 = Debug|Any CPU
		{8D3B8382-A625-4274-986E-417FD75F62FA}.Debug|iPhoneSimulator.ActiveCfg = Debug|Any CPU
		{8D3B8382-A625-4274-986E-417FD75F62FA}.Debug|iPhoneSimulator.Build.0 = Debug|Any CPU
		{8D3B8382-A625-4274-986E-417FD75F62FA}.Debug|x64.ActiveCfg = Debug|Any CPU
		{8D3B8382-A625-4274-986E-417FD75F62FA}.Debug|x64.Build.0 = Debug|Any CPU
		{8D3B8382-A625-4274-986E-417FD75F62FA}.Debug|x86.ActiveCfg = Debug|Any CPU
		{8D3B8382-A625-4274-986E-417FD75F62FA}.Debug|x86.Build.0 = Debug|Any CPU
		{8D3B8382-A625-4274-986E-417FD75F62FA}.Release|Any CPU.ActiveCfg = Release|Any CPU
		{8D3B8382-A625-4274-986E-417FD75F62FA}.Release|Any CPU.Build.0 = Release|Any CPU
		{8D3B8382-A625-4274-986E-417FD75F62FA}.Release|ARM.ActiveCfg = Release|Any CPU
		{8D3B8382-A625-4274-986E-417FD75F62FA}.Release|ARM.Build.0 = Release|Any CPU
		{8D3B8382-A625-4274-986E-417FD75F62FA}.Release|iPhone.ActiveCfg = Release|Any CPU
		{8D3B8382-A625-4274-986E-417FD75F62FA}.Release|iPhone.Build.0 = Release|Any CPU
		{8D3B8382-A625-4274-986E-417FD75F62FA}.Release|iPhoneSimulator.ActiveCfg = Release|Any CPU
		{8D3B8382-A625-4274-986E-417FD75F62FA}.Release|iPhoneSimulator.Build.0 = Release|Any CPU
		{8D3B8382-A625-4274-986E-417FD75F62FA}.Release|x64.ActiveCfg = Release|Any CPU
		{8D3B8382-A625-4274-986E-417FD75F62FA}.Release|x64.Build.0 = Release|Any CPU
		{8D3B8382-A625-4274-986E-417FD75F62FA}.Release|x86.ActiveCfg = Release|Any CPU
		{8D3B8382-A625-4274-986E-417FD75F62FA}.Release|x86.Build.0 = Release|Any CPU
		{1DEE94AC-60EA-4263-836B-71531242E62C}.Ad-Hoc|Any CPU.ActiveCfg = Release|Any CPU
		{1DEE94AC-60EA-4263-836B-71531242E62C}.Ad-Hoc|Any CPU.Build.0 = Release|Any CPU
		{1DEE94AC-60EA-4263-836B-71531242E62C}.Ad-Hoc|ARM.ActiveCfg = Release|Any CPU
		{1DEE94AC-60EA-4263-836B-71531242E62C}.Ad-Hoc|ARM.Build.0 = Release|Any CPU
		{1DEE94AC-60EA-4263-836B-71531242E62C}.Ad-Hoc|iPhone.ActiveCfg = Release|Any CPU
		{1DEE94AC-60EA-4263-836B-71531242E62C}.Ad-Hoc|iPhone.Build.0 = Release|Any CPU
		{1DEE94AC-60EA-4263-836B-71531242E62C}.Ad-Hoc|iPhoneSimulator.ActiveCfg = Release|Any CPU
		{1DEE94AC-60EA-4263-836B-71531242E62C}.Ad-Hoc|iPhoneSimulator.Build.0 = Release|Any CPU
		{1DEE94AC-60EA-4263-836B-71531242E62C}.Ad-Hoc|x64.ActiveCfg = Release|Any CPU
		{1DEE94AC-60EA-4263-836B-71531242E62C}.Ad-Hoc|x64.Build.0 = Release|Any CPU
		{1DEE94AC-60EA-4263-836B-71531242E62C}.Ad-Hoc|x86.ActiveCfg = Release|Any CPU
		{1DEE94AC-60EA-4263-836B-71531242E62C}.Ad-Hoc|x86.Build.0 = Release|Any CPU
		{1DEE94AC-60EA-4263-836B-71531242E62C}.AppStore|Any CPU.ActiveCfg = Release|Any CPU
		{1DEE94AC-60EA-4263-836B-71531242E62C}.AppStore|Any CPU.Build.0 = Release|Any CPU
		{1DEE94AC-60EA-4263-836B-71531242E62C}.AppStore|ARM.ActiveCfg = Release|Any CPU
		{1DEE94AC-60EA-4263-836B-71531242E62C}.AppStore|ARM.Build.0 = Release|Any CPU
		{1DEE94AC-60EA-4263-836B-71531242E62C}.AppStore|iPhone.ActiveCfg = Release|Any CPU
		{1DEE94AC-60EA-4263-836B-71531242E62C}.AppStore|iPhone.Build.0 = Release|Any CPU
		{1DEE94AC-60EA-4263-836B-71531242E62C}.AppStore|iPhoneSimulator.ActiveCfg = Release|Any CPU
		{1DEE94AC-60EA-4263-836B-71531242E62C}.AppStore|iPhoneSimulator.Build.0 = Release|Any CPU
		{1DEE94AC-60EA-4263-836B-71531242E62C}.AppStore|x64.ActiveCfg = Release|Any CPU
		{1DEE94AC-60EA-4263-836B-71531242E62C}.AppStore|x64.Build.0 = Release|Any CPU
		{1DEE94AC-60EA-4263-836B-71531242E62C}.AppStore|x86.ActiveCfg = Release|Any CPU
		{1DEE94AC-60EA-4263-836B-71531242E62C}.AppStore|x86.Build.0 = Release|Any CPU
		{1DEE94AC-60EA-4263-836B-71531242E62C}.Debug|Any CPU.ActiveCfg = Debug|Any CPU
		{1DEE94AC-60EA-4263-836B-71531242E62C}.Debug|Any CPU.Build.0 = Debug|Any CPU
		{1DEE94AC-60EA-4263-836B-71531242E62C}.Debug|ARM.ActiveCfg = Debug|Any CPU
		{1DEE94AC-60EA-4263-836B-71531242E62C}.Debug|ARM.Build.0 = Debug|Any CPU
		{1DEE94AC-60EA-4263-836B-71531242E62C}.Debug|iPhone.ActiveCfg = Debug|Any CPU
		{1DEE94AC-60EA-4263-836B-71531242E62C}.Debug|iPhone.Build.0 = Debug|Any CPU
		{1DEE94AC-60EA-4263-836B-71531242E62C}.Debug|iPhoneSimulator.ActiveCfg = Debug|Any CPU
		{1DEE94AC-60EA-4263-836B-71531242E62C}.Debug|iPhoneSimulator.Build.0 = Debug|Any CPU
		{1DEE94AC-60EA-4263-836B-71531242E62C}.Debug|x64.ActiveCfg = Debug|Any CPU
		{1DEE94AC-60EA-4263-836B-71531242E62C}.Debug|x64.Build.0 = Debug|Any CPU
		{1DEE94AC-60EA-4263-836B-71531242E62C}.Debug|x86.ActiveCfg = Debug|Any CPU
		{1DEE94AC-60EA-4263-836B-71531242E62C}.Debug|x86.Build.0 = Debug|Any CPU
		{1DEE94AC-60EA-4263-836B-71531242E62C}.Release|Any CPU.ActiveCfg = Release|Any CPU
		{1DEE94AC-60EA-4263-836B-71531242E62C}.Release|Any CPU.Build.0 = Release|Any CPU
		{1DEE94AC-60EA-4263-836B-71531242E62C}.Release|ARM.ActiveCfg = Release|Any CPU
		{1DEE94AC-60EA-4263-836B-71531242E62C}.Release|ARM.Build.0 = Release|Any CPU
		{1DEE94AC-60EA-4263-836B-71531242E62C}.Release|iPhone.ActiveCfg = Release|Any CPU
		{1DEE94AC-60EA-4263-836B-71531242E62C}.Release|iPhone.Build.0 = Release|Any CPU
		{1DEE94AC-60EA-4263-836B-71531242E62C}.Release|iPhoneSimulator.ActiveCfg = Release|Any CPU
		{1DEE94AC-60EA-4263-836B-71531242E62C}.Release|iPhoneSimulator.Build.0 = Release|Any CPU
		{1DEE94AC-60EA-4263-836B-71531242E62C}.Release|x64.ActiveCfg = Release|Any CPU
		{1DEE94AC-60EA-4263-836B-71531242E62C}.Release|x64.Build.0 = Release|Any CPU
		{1DEE94AC-60EA-4263-836B-71531242E62C}.Release|x86.ActiveCfg = Release|Any CPU
		{1DEE94AC-60EA-4263-836B-71531242E62C}.Release|x86.Build.0 = Release|Any CPU
		{DF3B4835-067B-46E1-8D2C-E9A96BD1C0FE}.Ad-Hoc|Any CPU.ActiveCfg = Release|Any CPU
		{DF3B4835-067B-46E1-8D2C-E9A96BD1C0FE}.Ad-Hoc|Any CPU.Build.0 = Release|Any CPU
		{DF3B4835-067B-46E1-8D2C-E9A96BD1C0FE}.Ad-Hoc|Any CPU.Deploy.0 = Release|Any CPU
		{DF3B4835-067B-46E1-8D2C-E9A96BD1C0FE}.Ad-Hoc|ARM.ActiveCfg = Release|Any CPU
		{DF3B4835-067B-46E1-8D2C-E9A96BD1C0FE}.Ad-Hoc|ARM.Build.0 = Release|Any CPU
		{DF3B4835-067B-46E1-8D2C-E9A96BD1C0FE}.Ad-Hoc|ARM.Deploy.0 = Release|Any CPU
		{DF3B4835-067B-46E1-8D2C-E9A96BD1C0FE}.Ad-Hoc|iPhone.ActiveCfg = Release|Any CPU
		{DF3B4835-067B-46E1-8D2C-E9A96BD1C0FE}.Ad-Hoc|iPhone.Build.0 = Release|Any CPU
		{DF3B4835-067B-46E1-8D2C-E9A96BD1C0FE}.Ad-Hoc|iPhone.Deploy.0 = Release|Any CPU
		{DF3B4835-067B-46E1-8D2C-E9A96BD1C0FE}.Ad-Hoc|iPhoneSimulator.ActiveCfg = Release|Any CPU
		{DF3B4835-067B-46E1-8D2C-E9A96BD1C0FE}.Ad-Hoc|iPhoneSimulator.Build.0 = Release|Any CPU
		{DF3B4835-067B-46E1-8D2C-E9A96BD1C0FE}.Ad-Hoc|iPhoneSimulator.Deploy.0 = Release|Any CPU
		{DF3B4835-067B-46E1-8D2C-E9A96BD1C0FE}.Ad-Hoc|x64.ActiveCfg = Release|Any CPU
		{DF3B4835-067B-46E1-8D2C-E9A96BD1C0FE}.Ad-Hoc|x64.Build.0 = Release|Any CPU
		{DF3B4835-067B-46E1-8D2C-E9A96BD1C0FE}.Ad-Hoc|x64.Deploy.0 = Release|Any CPU
		{DF3B4835-067B-46E1-8D2C-E9A96BD1C0FE}.Ad-Hoc|x86.ActiveCfg = Release|Any CPU
		{DF3B4835-067B-46E1-8D2C-E9A96BD1C0FE}.Ad-Hoc|x86.Build.0 = Release|Any CPU
		{DF3B4835-067B-46E1-8D2C-E9A96BD1C0FE}.Ad-Hoc|x86.Deploy.0 = Release|Any CPU
		{DF3B4835-067B-46E1-8D2C-E9A96BD1C0FE}.AppStore|Any CPU.ActiveCfg = Release|Any CPU
		{DF3B4835-067B-46E1-8D2C-E9A96BD1C0FE}.AppStore|Any CPU.Build.0 = Release|Any CPU
		{DF3B4835-067B-46E1-8D2C-E9A96BD1C0FE}.AppStore|Any CPU.Deploy.0 = Release|Any CPU
		{DF3B4835-067B-46E1-8D2C-E9A96BD1C0FE}.AppStore|ARM.ActiveCfg = Release|Any CPU
		{DF3B4835-067B-46E1-8D2C-E9A96BD1C0FE}.AppStore|ARM.Build.0 = Release|Any CPU
		{DF3B4835-067B-46E1-8D2C-E9A96BD1C0FE}.AppStore|ARM.Deploy.0 = Release|Any CPU
		{DF3B4835-067B-46E1-8D2C-E9A96BD1C0FE}.AppStore|iPhone.ActiveCfg = Release|Any CPU
		{DF3B4835-067B-46E1-8D2C-E9A96BD1C0FE}.AppStore|iPhone.Build.0 = Release|Any CPU
		{DF3B4835-067B-46E1-8D2C-E9A96BD1C0FE}.AppStore|iPhone.Deploy.0 = Release|Any CPU
		{DF3B4835-067B-46E1-8D2C-E9A96BD1C0FE}.AppStore|iPhoneSimulator.ActiveCfg = Release|Any CPU
		{DF3B4835-067B-46E1-8D2C-E9A96BD1C0FE}.AppStore|iPhoneSimulator.Build.0 = Release|Any CPU
		{DF3B4835-067B-46E1-8D2C-E9A96BD1C0FE}.AppStore|iPhoneSimulator.Deploy.0 = Release|Any CPU
		{DF3B4835-067B-46E1-8D2C-E9A96BD1C0FE}.AppStore|x64.ActiveCfg = Release|Any CPU
		{DF3B4835-067B-46E1-8D2C-E9A96BD1C0FE}.AppStore|x64.Build.0 = Release|Any CPU
		{DF3B4835-067B-46E1-8D2C-E9A96BD1C0FE}.AppStore|x64.Deploy.0 = Release|Any CPU
		{DF3B4835-067B-46E1-8D2C-E9A96BD1C0FE}.AppStore|x86.ActiveCfg = Release|Any CPU
		{DF3B4835-067B-46E1-8D2C-E9A96BD1C0FE}.AppStore|x86.Build.0 = Release|Any CPU
		{DF3B4835-067B-46E1-8D2C-E9A96BD1C0FE}.AppStore|x86.Deploy.0 = Release|Any CPU
		{DF3B4835-067B-46E1-8D2C-E9A96BD1C0FE}.Debug|Any CPU.ActiveCfg = Debug|Any CPU
		{DF3B4835-067B-46E1-8D2C-E9A96BD1C0FE}.Debug|Any CPU.Build.0 = Debug|Any CPU
		{DF3B4835-067B-46E1-8D2C-E9A96BD1C0FE}.Debug|Any CPU.Deploy.0 = Debug|Any CPU
		{DF3B4835-067B-46E1-8D2C-E9A96BD1C0FE}.Debug|ARM.ActiveCfg = Debug|Any CPU
		{DF3B4835-067B-46E1-8D2C-E9A96BD1C0FE}.Debug|ARM.Build.0 = Debug|Any CPU
		{DF3B4835-067B-46E1-8D2C-E9A96BD1C0FE}.Debug|ARM.Deploy.0 = Debug|Any CPU
		{DF3B4835-067B-46E1-8D2C-E9A96BD1C0FE}.Debug|iPhone.ActiveCfg = Debug|Any CPU
		{DF3B4835-067B-46E1-8D2C-E9A96BD1C0FE}.Debug|iPhone.Build.0 = Debug|Any CPU
		{DF3B4835-067B-46E1-8D2C-E9A96BD1C0FE}.Debug|iPhone.Deploy.0 = Debug|Any CPU
		{DF3B4835-067B-46E1-8D2C-E9A96BD1C0FE}.Debug|iPhoneSimulator.ActiveCfg = Debug|Any CPU
		{DF3B4835-067B-46E1-8D2C-E9A96BD1C0FE}.Debug|iPhoneSimulator.Build.0 = Debug|Any CPU
		{DF3B4835-067B-46E1-8D2C-E9A96BD1C0FE}.Debug|iPhoneSimulator.Deploy.0 = Debug|Any CPU
		{DF3B4835-067B-46E1-8D2C-E9A96BD1C0FE}.Debug|x64.ActiveCfg = Debug|Any CPU
		{DF3B4835-067B-46E1-8D2C-E9A96BD1C0FE}.Debug|x64.Build.0 = Debug|Any CPU
		{DF3B4835-067B-46E1-8D2C-E9A96BD1C0FE}.Debug|x64.Deploy.0 = Debug|Any CPU
		{DF3B4835-067B-46E1-8D2C-E9A96BD1C0FE}.Debug|x86.ActiveCfg = Debug|Any CPU
		{DF3B4835-067B-46E1-8D2C-E9A96BD1C0FE}.Debug|x86.Build.0 = Debug|Any CPU
		{DF3B4835-067B-46E1-8D2C-E9A96BD1C0FE}.Debug|x86.Deploy.0 = Debug|Any CPU
		{DF3B4835-067B-46E1-8D2C-E9A96BD1C0FE}.Release|Any CPU.ActiveCfg = Release|Any CPU
		{DF3B4835-067B-46E1-8D2C-E9A96BD1C0FE}.Release|Any CPU.Build.0 = Release|Any CPU
		{DF3B4835-067B-46E1-8D2C-E9A96BD1C0FE}.Release|Any CPU.Deploy.0 = Release|Any CPU
		{DF3B4835-067B-46E1-8D2C-E9A96BD1C0FE}.Release|ARM.ActiveCfg = Release|Any CPU
		{DF3B4835-067B-46E1-8D2C-E9A96BD1C0FE}.Release|ARM.Build.0 = Release|Any CPU
		{DF3B4835-067B-46E1-8D2C-E9A96BD1C0FE}.Release|ARM.Deploy.0 = Release|Any CPU
		{DF3B4835-067B-46E1-8D2C-E9A96BD1C0FE}.Release|iPhone.ActiveCfg = Release|Any CPU
		{DF3B4835-067B-46E1-8D2C-E9A96BD1C0FE}.Release|iPhone.Build.0 = Release|Any CPU
		{DF3B4835-067B-46E1-8D2C-E9A96BD1C0FE}.Release|iPhone.Deploy.0 = Release|Any CPU
		{DF3B4835-067B-46E1-8D2C-E9A96BD1C0FE}.Release|iPhoneSimulator.ActiveCfg = Release|Any CPU
		{DF3B4835-067B-46E1-8D2C-E9A96BD1C0FE}.Release|iPhoneSimulator.Build.0 = Release|Any CPU
		{DF3B4835-067B-46E1-8D2C-E9A96BD1C0FE}.Release|iPhoneSimulator.Deploy.0 = Release|Any CPU
		{DF3B4835-067B-46E1-8D2C-E9A96BD1C0FE}.Release|x64.ActiveCfg = Release|Any CPU
		{DF3B4835-067B-46E1-8D2C-E9A96BD1C0FE}.Release|x64.Build.0 = Release|Any CPU
		{DF3B4835-067B-46E1-8D2C-E9A96BD1C0FE}.Release|x64.Deploy.0 = Release|Any CPU
		{DF3B4835-067B-46E1-8D2C-E9A96BD1C0FE}.Release|x86.ActiveCfg = Release|Any CPU
		{DF3B4835-067B-46E1-8D2C-E9A96BD1C0FE}.Release|x86.Build.0 = Release|Any CPU
		{DF3B4835-067B-46E1-8D2C-E9A96BD1C0FE}.Release|x86.Deploy.0 = Release|Any CPU
		{D0209C9A-8959-4CD1-9B0D-CCFE926DED5D}.Ad-Hoc|Any CPU.ActiveCfg = Ad-Hoc|iPhone
		{D0209C9A-8959-4CD1-9B0D-CCFE926DED5D}.Ad-Hoc|ARM.ActiveCfg = Ad-Hoc|iPhone
		{D0209C9A-8959-4CD1-9B0D-CCFE926DED5D}.Ad-Hoc|iPhone.ActiveCfg = Ad-Hoc|iPhone
		{D0209C9A-8959-4CD1-9B0D-CCFE926DED5D}.Ad-Hoc|iPhone.Build.0 = Ad-Hoc|iPhone
		{D0209C9A-8959-4CD1-9B0D-CCFE926DED5D}.Ad-Hoc|iPhoneSimulator.ActiveCfg = Ad-Hoc|iPhoneSimulator
		{D0209C9A-8959-4CD1-9B0D-CCFE926DED5D}.Ad-Hoc|iPhoneSimulator.Build.0 = Ad-Hoc|iPhoneSimulator
		{D0209C9A-8959-4CD1-9B0D-CCFE926DED5D}.Ad-Hoc|x64.ActiveCfg = Ad-Hoc|iPhone
		{D0209C9A-8959-4CD1-9B0D-CCFE926DED5D}.Ad-Hoc|x86.ActiveCfg = Ad-Hoc|iPhone
		{D0209C9A-8959-4CD1-9B0D-CCFE926DED5D}.AppStore|Any CPU.ActiveCfg = AppStore|iPhone
		{D0209C9A-8959-4CD1-9B0D-CCFE926DED5D}.AppStore|ARM.ActiveCfg = AppStore|iPhone
		{D0209C9A-8959-4CD1-9B0D-CCFE926DED5D}.AppStore|iPhone.ActiveCfg = AppStore|iPhone
		{D0209C9A-8959-4CD1-9B0D-CCFE926DED5D}.AppStore|iPhone.Build.0 = AppStore|iPhone
		{D0209C9A-8959-4CD1-9B0D-CCFE926DED5D}.AppStore|iPhoneSimulator.ActiveCfg = AppStore|iPhoneSimulator
		{D0209C9A-8959-4CD1-9B0D-CCFE926DED5D}.AppStore|iPhoneSimulator.Build.0 = AppStore|iPhoneSimulator
		{D0209C9A-8959-4CD1-9B0D-CCFE926DED5D}.AppStore|x64.ActiveCfg = AppStore|iPhone
		{D0209C9A-8959-4CD1-9B0D-CCFE926DED5D}.AppStore|x86.ActiveCfg = AppStore|iPhone
		{D0209C9A-8959-4CD1-9B0D-CCFE926DED5D}.Debug|Any CPU.ActiveCfg = Debug|iPhone
		{D0209C9A-8959-4CD1-9B0D-CCFE926DED5D}.Debug|ARM.ActiveCfg = Debug|iPhone
		{D0209C9A-8959-4CD1-9B0D-CCFE926DED5D}.Debug|iPhone.ActiveCfg = Debug|iPhone
		{D0209C9A-8959-4CD1-9B0D-CCFE926DED5D}.Debug|iPhone.Build.0 = Debug|iPhone
		{D0209C9A-8959-4CD1-9B0D-CCFE926DED5D}.Debug|iPhoneSimulator.ActiveCfg = Debug|iPhoneSimulator
		{D0209C9A-8959-4CD1-9B0D-CCFE926DED5D}.Debug|iPhoneSimulator.Build.0 = Debug|iPhoneSimulator
		{D0209C9A-8959-4CD1-9B0D-CCFE926DED5D}.Debug|x64.ActiveCfg = Debug|iPhone
		{D0209C9A-8959-4CD1-9B0D-CCFE926DED5D}.Debug|x86.ActiveCfg = Debug|iPhone
		{D0209C9A-8959-4CD1-9B0D-CCFE926DED5D}.Release|Any CPU.ActiveCfg = Release|iPhone
		{D0209C9A-8959-4CD1-9B0D-CCFE926DED5D}.Release|ARM.ActiveCfg = Release|iPhone
		{D0209C9A-8959-4CD1-9B0D-CCFE926DED5D}.Release|iPhone.ActiveCfg = Release|iPhone
		{D0209C9A-8959-4CD1-9B0D-CCFE926DED5D}.Release|iPhone.Build.0 = Release|iPhone
		{D0209C9A-8959-4CD1-9B0D-CCFE926DED5D}.Release|iPhoneSimulator.ActiveCfg = Release|iPhoneSimulator
		{D0209C9A-8959-4CD1-9B0D-CCFE926DED5D}.Release|iPhoneSimulator.Build.0 = Release|iPhoneSimulator
		{D0209C9A-8959-4CD1-9B0D-CCFE926DED5D}.Release|x64.ActiveCfg = Release|iPhone
		{D0209C9A-8959-4CD1-9B0D-CCFE926DED5D}.Release|x86.ActiveCfg = Release|iPhone
		{E5C9A34B-BE2A-4717-B991-09A39949CF10}.Ad-Hoc|Any CPU.ActiveCfg = Release|x86
		{E5C9A34B-BE2A-4717-B991-09A39949CF10}.Ad-Hoc|Any CPU.Build.0 = Release|x86
		{E5C9A34B-BE2A-4717-B991-09A39949CF10}.Ad-Hoc|Any CPU.Deploy.0 = Release|x86
		{E5C9A34B-BE2A-4717-B991-09A39949CF10}.Ad-Hoc|ARM.ActiveCfg = Release|ARM
		{E5C9A34B-BE2A-4717-B991-09A39949CF10}.Ad-Hoc|ARM.Build.0 = Release|ARM
		{E5C9A34B-BE2A-4717-B991-09A39949CF10}.Ad-Hoc|ARM.Deploy.0 = Release|ARM
		{E5C9A34B-BE2A-4717-B991-09A39949CF10}.Ad-Hoc|iPhone.ActiveCfg = Release|x86
		{E5C9A34B-BE2A-4717-B991-09A39949CF10}.Ad-Hoc|iPhone.Build.0 = Release|x86
		{E5C9A34B-BE2A-4717-B991-09A39949CF10}.Ad-Hoc|iPhone.Deploy.0 = Release|x86
		{E5C9A34B-BE2A-4717-B991-09A39949CF10}.Ad-Hoc|iPhoneSimulator.ActiveCfg = Release|x86
		{E5C9A34B-BE2A-4717-B991-09A39949CF10}.Ad-Hoc|iPhoneSimulator.Build.0 = Release|x86
		{E5C9A34B-BE2A-4717-B991-09A39949CF10}.Ad-Hoc|iPhoneSimulator.Deploy.0 = Release|x86
		{E5C9A34B-BE2A-4717-B991-09A39949CF10}.Ad-Hoc|x64.ActiveCfg = Release|x64
		{E5C9A34B-BE2A-4717-B991-09A39949CF10}.Ad-Hoc|x64.Build.0 = Release|x64
		{E5C9A34B-BE2A-4717-B991-09A39949CF10}.Ad-Hoc|x64.Deploy.0 = Release|x64
		{E5C9A34B-BE2A-4717-B991-09A39949CF10}.Ad-Hoc|x86.ActiveCfg = Release|x86
		{E5C9A34B-BE2A-4717-B991-09A39949CF10}.Ad-Hoc|x86.Build.0 = Release|x86
		{E5C9A34B-BE2A-4717-B991-09A39949CF10}.Ad-Hoc|x86.Deploy.0 = Release|x86
		{E5C9A34B-BE2A-4717-B991-09A39949CF10}.AppStore|Any CPU.ActiveCfg = Release|x86
		{E5C9A34B-BE2A-4717-B991-09A39949CF10}.AppStore|Any CPU.Build.0 = Release|x86
		{E5C9A34B-BE2A-4717-B991-09A39949CF10}.AppStore|Any CPU.Deploy.0 = Release|x86
		{E5C9A34B-BE2A-4717-B991-09A39949CF10}.AppStore|ARM.ActiveCfg = Release|ARM
		{E5C9A34B-BE2A-4717-B991-09A39949CF10}.AppStore|ARM.Build.0 = Release|ARM
		{E5C9A34B-BE2A-4717-B991-09A39949CF10}.AppStore|ARM.Deploy.0 = Release|ARM
		{E5C9A34B-BE2A-4717-B991-09A39949CF10}.AppStore|iPhone.ActiveCfg = Release|x86
		{E5C9A34B-BE2A-4717-B991-09A39949CF10}.AppStore|iPhone.Build.0 = Release|x86
		{E5C9A34B-BE2A-4717-B991-09A39949CF10}.AppStore|iPhone.Deploy.0 = Release|x86
		{E5C9A34B-BE2A-4717-B991-09A39949CF10}.AppStore|iPhoneSimulator.ActiveCfg = Release|x86
		{E5C9A34B-BE2A-4717-B991-09A39949CF10}.AppStore|iPhoneSimulator.Build.0 = Release|x86
		{E5C9A34B-BE2A-4717-B991-09A39949CF10}.AppStore|iPhoneSimulator.Deploy.0 = Release|x86
		{E5C9A34B-BE2A-4717-B991-09A39949CF10}.AppStore|x64.ActiveCfg = Release|x64
		{E5C9A34B-BE2A-4717-B991-09A39949CF10}.AppStore|x64.Build.0 = Release|x64
		{E5C9A34B-BE2A-4717-B991-09A39949CF10}.AppStore|x64.Deploy.0 = Release|x64
		{E5C9A34B-BE2A-4717-B991-09A39949CF10}.AppStore|x86.ActiveCfg = Release|x86
		{E5C9A34B-BE2A-4717-B991-09A39949CF10}.AppStore|x86.Build.0 = Release|x86
		{E5C9A34B-BE2A-4717-B991-09A39949CF10}.AppStore|x86.Deploy.0 = Release|x86
		{E5C9A34B-BE2A-4717-B991-09A39949CF10}.Debug|Any CPU.ActiveCfg = Debug|x86
		{E5C9A34B-BE2A-4717-B991-09A39949CF10}.Debug|ARM.ActiveCfg = Debug|ARM
		{E5C9A34B-BE2A-4717-B991-09A39949CF10}.Debug|ARM.Build.0 = Debug|ARM
		{E5C9A34B-BE2A-4717-B991-09A39949CF10}.Debug|ARM.Deploy.0 = Debug|ARM
		{E5C9A34B-BE2A-4717-B991-09A39949CF10}.Debug|iPhone.ActiveCfg = Debug|x86
		{E5C9A34B-BE2A-4717-B991-09A39949CF10}.Debug|iPhoneSimulator.ActiveCfg = Debug|x86
		{E5C9A34B-BE2A-4717-B991-09A39949CF10}.Debug|x64.ActiveCfg = Debug|x64
		{E5C9A34B-BE2A-4717-B991-09A39949CF10}.Debug|x64.Build.0 = Debug|x64
		{E5C9A34B-BE2A-4717-B991-09A39949CF10}.Debug|x64.Deploy.0 = Debug|x64
		{E5C9A34B-BE2A-4717-B991-09A39949CF10}.Debug|x86.ActiveCfg = Debug|x86
		{E5C9A34B-BE2A-4717-B991-09A39949CF10}.Debug|x86.Build.0 = Debug|x86
		{E5C9A34B-BE2A-4717-B991-09A39949CF10}.Debug|x86.Deploy.0 = Debug|x86
		{E5C9A34B-BE2A-4717-B991-09A39949CF10}.Release|Any CPU.ActiveCfg = Release|x86
		{E5C9A34B-BE2A-4717-B991-09A39949CF10}.Release|ARM.ActiveCfg = Release|ARM
		{E5C9A34B-BE2A-4717-B991-09A39949CF10}.Release|ARM.Build.0 = Release|ARM
		{E5C9A34B-BE2A-4717-B991-09A39949CF10}.Release|ARM.Deploy.0 = Release|ARM
		{E5C9A34B-BE2A-4717-B991-09A39949CF10}.Release|iPhone.ActiveCfg = Release|x86
		{E5C9A34B-BE2A-4717-B991-09A39949CF10}.Release|iPhoneSimulator.ActiveCfg = Release|x86
		{E5C9A34B-BE2A-4717-B991-09A39949CF10}.Release|x64.ActiveCfg = Release|x64
		{E5C9A34B-BE2A-4717-B991-09A39949CF10}.Release|x64.Build.0 = Release|x64
		{E5C9A34B-BE2A-4717-B991-09A39949CF10}.Release|x64.Deploy.0 = Release|x64
		{E5C9A34B-BE2A-4717-B991-09A39949CF10}.Release|x86.ActiveCfg = Release|x86
		{E5C9A34B-BE2A-4717-B991-09A39949CF10}.Release|x86.Build.0 = Release|x86
		{E5C9A34B-BE2A-4717-B991-09A39949CF10}.Release|x86.Deploy.0 = Release|x86
		{F8D319C0-AF1C-4861-93BF-D57922BB9C3E}.Ad-Hoc|Any CPU.ActiveCfg = Debug|Any CPU
		{F8D319C0-AF1C-4861-93BF-D57922BB9C3E}.Ad-Hoc|Any CPU.Build.0 = Debug|Any CPU
		{F8D319C0-AF1C-4861-93BF-D57922BB9C3E}.Ad-Hoc|ARM.ActiveCfg = Debug|Any CPU
		{F8D319C0-AF1C-4861-93BF-D57922BB9C3E}.Ad-Hoc|ARM.Build.0 = Debug|Any CPU
		{F8D319C0-AF1C-4861-93BF-D57922BB9C3E}.Ad-Hoc|iPhone.ActiveCfg = Debug|Any CPU
		{F8D319C0-AF1C-4861-93BF-D57922BB9C3E}.Ad-Hoc|iPhone.Build.0 = Debug|Any CPU
		{F8D319C0-AF1C-4861-93BF-D57922BB9C3E}.Ad-Hoc|iPhoneSimulator.ActiveCfg = Debug|Any CPU
		{F8D319C0-AF1C-4861-93BF-D57922BB9C3E}.Ad-Hoc|iPhoneSimulator.Build.0 = Debug|Any CPU
		{F8D319C0-AF1C-4861-93BF-D57922BB9C3E}.Ad-Hoc|x64.ActiveCfg = Debug|Any CPU
		{F8D319C0-AF1C-4861-93BF-D57922BB9C3E}.Ad-Hoc|x64.Build.0 = Debug|Any CPU
		{F8D319C0-AF1C-4861-93BF-D57922BB9C3E}.Ad-Hoc|x86.ActiveCfg = Debug|Any CPU
		{F8D319C0-AF1C-4861-93BF-D57922BB9C3E}.Ad-Hoc|x86.Build.0 = Debug|Any CPU
		{F8D319C0-AF1C-4861-93BF-D57922BB9C3E}.AppStore|Any CPU.ActiveCfg = Debug|Any CPU
		{F8D319C0-AF1C-4861-93BF-D57922BB9C3E}.AppStore|Any CPU.Build.0 = Debug|Any CPU
		{F8D319C0-AF1C-4861-93BF-D57922BB9C3E}.AppStore|ARM.ActiveCfg = Debug|Any CPU
		{F8D319C0-AF1C-4861-93BF-D57922BB9C3E}.AppStore|ARM.Build.0 = Debug|Any CPU
		{F8D319C0-AF1C-4861-93BF-D57922BB9C3E}.AppStore|iPhone.ActiveCfg = Debug|Any CPU
		{F8D319C0-AF1C-4861-93BF-D57922BB9C3E}.AppStore|iPhone.Build.0 = Debug|Any CPU
		{F8D319C0-AF1C-4861-93BF-D57922BB9C3E}.AppStore|iPhoneSimulator.ActiveCfg = Debug|Any CPU
		{F8D319C0-AF1C-4861-93BF-D57922BB9C3E}.AppStore|iPhoneSimulator.Build.0 = Debug|Any CPU
		{F8D319C0-AF1C-4861-93BF-D57922BB9C3E}.AppStore|x64.ActiveCfg = Debug|Any CPU
		{F8D319C0-AF1C-4861-93BF-D57922BB9C3E}.AppStore|x64.Build.0 = Debug|Any CPU
		{F8D319C0-AF1C-4861-93BF-D57922BB9C3E}.AppStore|x86.ActiveCfg = Debug|Any CPU
		{F8D319C0-AF1C-4861-93BF-D57922BB9C3E}.AppStore|x86.Build.0 = Debug|Any CPU
		{F8D319C0-AF1C-4861-93BF-D57922BB9C3E}.Debug|Any CPU.ActiveCfg = Debug|Any CPU
		{F8D319C0-AF1C-4861-93BF-D57922BB9C3E}.Debug|Any CPU.Build.0 = Debug|Any CPU
		{F8D319C0-AF1C-4861-93BF-D57922BB9C3E}.Debug|ARM.ActiveCfg = Debug|Any CPU
		{F8D319C0-AF1C-4861-93BF-D57922BB9C3E}.Debug|ARM.Build.0 = Debug|Any CPU
		{F8D319C0-AF1C-4861-93BF-D57922BB9C3E}.Debug|iPhone.ActiveCfg = Debug|Any CPU
		{F8D319C0-AF1C-4861-93BF-D57922BB9C3E}.Debug|iPhone.Build.0 = Debug|Any CPU
		{F8D319C0-AF1C-4861-93BF-D57922BB9C3E}.Debug|iPhoneSimulator.ActiveCfg = Debug|Any CPU
		{F8D319C0-AF1C-4861-93BF-D57922BB9C3E}.Debug|iPhoneSimulator.Build.0 = Debug|Any CPU
		{F8D319C0-AF1C-4861-93BF-D57922BB9C3E}.Debug|x64.ActiveCfg = Debug|Any CPU
		{F8D319C0-AF1C-4861-93BF-D57922BB9C3E}.Debug|x64.Build.0 = Debug|Any CPU
		{F8D319C0-AF1C-4861-93BF-D57922BB9C3E}.Debug|x86.ActiveCfg = Debug|Any CPU
		{F8D319C0-AF1C-4861-93BF-D57922BB9C3E}.Debug|x86.Build.0 = Debug|Any CPU
		{F8D319C0-AF1C-4861-93BF-D57922BB9C3E}.Release|Any CPU.ActiveCfg = Release|Any CPU
		{F8D319C0-AF1C-4861-93BF-D57922BB9C3E}.Release|Any CPU.Build.0 = Release|Any CPU
		{F8D319C0-AF1C-4861-93BF-D57922BB9C3E}.Release|ARM.ActiveCfg = Release|Any CPU
		{F8D319C0-AF1C-4861-93BF-D57922BB9C3E}.Release|ARM.Build.0 = Release|Any CPU
		{F8D319C0-AF1C-4861-93BF-D57922BB9C3E}.Release|iPhone.ActiveCfg = Release|Any CPU
		{F8D319C0-AF1C-4861-93BF-D57922BB9C3E}.Release|iPhone.Build.0 = Release|Any CPU
		{F8D319C0-AF1C-4861-93BF-D57922BB9C3E}.Release|iPhoneSimulator.ActiveCfg = Release|Any CPU
		{F8D319C0-AF1C-4861-93BF-D57922BB9C3E}.Release|iPhoneSimulator.Build.0 = Release|Any CPU
		{F8D319C0-AF1C-4861-93BF-D57922BB9C3E}.Release|x64.ActiveCfg = Release|Any CPU
		{F8D319C0-AF1C-4861-93BF-D57922BB9C3E}.Release|x64.Build.0 = Release|Any CPU
		{F8D319C0-AF1C-4861-93BF-D57922BB9C3E}.Release|x86.ActiveCfg = Release|Any CPU
		{F8D319C0-AF1C-4861-93BF-D57922BB9C3E}.Release|x86.Build.0 = Release|Any CPU
		{DC0422FF-6523-4D7E-AEB1-6F57D76505FA}.Ad-Hoc|Any CPU.ActiveCfg = Debug|Any CPU
		{DC0422FF-6523-4D7E-AEB1-6F57D76505FA}.Ad-Hoc|Any CPU.Build.0 = Debug|Any CPU
		{DC0422FF-6523-4D7E-AEB1-6F57D76505FA}.Ad-Hoc|ARM.ActiveCfg = Debug|Any CPU
		{DC0422FF-6523-4D7E-AEB1-6F57D76505FA}.Ad-Hoc|ARM.Build.0 = Debug|Any CPU
		{DC0422FF-6523-4D7E-AEB1-6F57D76505FA}.Ad-Hoc|iPhone.ActiveCfg = Debug|Any CPU
		{DC0422FF-6523-4D7E-AEB1-6F57D76505FA}.Ad-Hoc|iPhone.Build.0 = Debug|Any CPU
		{DC0422FF-6523-4D7E-AEB1-6F57D76505FA}.Ad-Hoc|iPhoneSimulator.ActiveCfg = Debug|Any CPU
		{DC0422FF-6523-4D7E-AEB1-6F57D76505FA}.Ad-Hoc|iPhoneSimulator.Build.0 = Debug|Any CPU
		{DC0422FF-6523-4D7E-AEB1-6F57D76505FA}.Ad-Hoc|x64.ActiveCfg = Debug|Any CPU
		{DC0422FF-6523-4D7E-AEB1-6F57D76505FA}.Ad-Hoc|x64.Build.0 = Debug|Any CPU
		{DC0422FF-6523-4D7E-AEB1-6F57D76505FA}.Ad-Hoc|x86.ActiveCfg = Debug|Any CPU
		{DC0422FF-6523-4D7E-AEB1-6F57D76505FA}.Ad-Hoc|x86.Build.0 = Debug|Any CPU
		{DC0422FF-6523-4D7E-AEB1-6F57D76505FA}.AppStore|Any CPU.ActiveCfg = Debug|Any CPU
		{DC0422FF-6523-4D7E-AEB1-6F57D76505FA}.AppStore|Any CPU.Build.0 = Debug|Any CPU
		{DC0422FF-6523-4D7E-AEB1-6F57D76505FA}.AppStore|ARM.ActiveCfg = Debug|Any CPU
		{DC0422FF-6523-4D7E-AEB1-6F57D76505FA}.AppStore|ARM.Build.0 = Debug|Any CPU
		{DC0422FF-6523-4D7E-AEB1-6F57D76505FA}.AppStore|iPhone.ActiveCfg = Debug|Any CPU
		{DC0422FF-6523-4D7E-AEB1-6F57D76505FA}.AppStore|iPhone.Build.0 = Debug|Any CPU
		{DC0422FF-6523-4D7E-AEB1-6F57D76505FA}.AppStore|iPhoneSimulator.ActiveCfg = Debug|Any CPU
		{DC0422FF-6523-4D7E-AEB1-6F57D76505FA}.AppStore|iPhoneSimulator.Build.0 = Debug|Any CPU
		{DC0422FF-6523-4D7E-AEB1-6F57D76505FA}.AppStore|x64.ActiveCfg = Debug|Any CPU
		{DC0422FF-6523-4D7E-AEB1-6F57D76505FA}.AppStore|x64.Build.0 = Debug|Any CPU
		{DC0422FF-6523-4D7E-AEB1-6F57D76505FA}.AppStore|x86.ActiveCfg = Debug|Any CPU
		{DC0422FF-6523-4D7E-AEB1-6F57D76505FA}.AppStore|x86.Build.0 = Debug|Any CPU
		{DC0422FF-6523-4D7E-AEB1-6F57D76505FA}.Debug|Any CPU.ActiveCfg = Debug|Any CPU
		{DC0422FF-6523-4D7E-AEB1-6F57D76505FA}.Debug|Any CPU.Build.0 = Debug|Any CPU
		{DC0422FF-6523-4D7E-AEB1-6F57D76505FA}.Debug|ARM.ActiveCfg = Debug|Any CPU
		{DC0422FF-6523-4D7E-AEB1-6F57D76505FA}.Debug|ARM.Build.0 = Debug|Any CPU
		{DC0422FF-6523-4D7E-AEB1-6F57D76505FA}.Debug|iPhone.ActiveCfg = Debug|Any CPU
		{DC0422FF-6523-4D7E-AEB1-6F57D76505FA}.Debug|iPhone.Build.0 = Debug|Any CPU
		{DC0422FF-6523-4D7E-AEB1-6F57D76505FA}.Debug|iPhoneSimulator.ActiveCfg = Debug|Any CPU
		{DC0422FF-6523-4D7E-AEB1-6F57D76505FA}.Debug|iPhoneSimulator.Build.0 = Debug|Any CPU
		{DC0422FF-6523-4D7E-AEB1-6F57D76505FA}.Debug|x64.ActiveCfg = Debug|Any CPU
		{DC0422FF-6523-4D7E-AEB1-6F57D76505FA}.Debug|x64.Build.0 = Debug|Any CPU
		{DC0422FF-6523-4D7E-AEB1-6F57D76505FA}.Debug|x86.ActiveCfg = Debug|Any CPU
		{DC0422FF-6523-4D7E-AEB1-6F57D76505FA}.Debug|x86.Build.0 = Debug|Any CPU
		{DC0422FF-6523-4D7E-AEB1-6F57D76505FA}.Release|Any CPU.ActiveCfg = Release|Any CPU
		{DC0422FF-6523-4D7E-AEB1-6F57D76505FA}.Release|Any CPU.Build.0 = Release|Any CPU
		{DC0422FF-6523-4D7E-AEB1-6F57D76505FA}.Release|ARM.ActiveCfg = Release|Any CPU
		{DC0422FF-6523-4D7E-AEB1-6F57D76505FA}.Release|ARM.Build.0 = Release|Any CPU
		{DC0422FF-6523-4D7E-AEB1-6F57D76505FA}.Release|iPhone.ActiveCfg = Release|Any CPU
		{DC0422FF-6523-4D7E-AEB1-6F57D76505FA}.Release|iPhone.Build.0 = Release|Any CPU
		{DC0422FF-6523-4D7E-AEB1-6F57D76505FA}.Release|iPhoneSimulator.ActiveCfg = Release|Any CPU
		{DC0422FF-6523-4D7E-AEB1-6F57D76505FA}.Release|iPhoneSimulator.Build.0 = Release|Any CPU
		{DC0422FF-6523-4D7E-AEB1-6F57D76505FA}.Release|x64.ActiveCfg = Release|Any CPU
		{DC0422FF-6523-4D7E-AEB1-6F57D76505FA}.Release|x64.Build.0 = Release|Any CPU
		{DC0422FF-6523-4D7E-AEB1-6F57D76505FA}.Release|x86.ActiveCfg = Release|Any CPU
		{DC0422FF-6523-4D7E-AEB1-6F57D76505FA}.Release|x86.Build.0 = Release|Any CPU
	EndGlobalSection
	GlobalSection(SolutionProperties) = preSolution
		HideSolutionNode = FALSE
	EndGlobalSection
	GlobalSection(NestedProjects) = preSolution
		{1DEE94AC-60EA-4263-836B-71531242E62C} = {CFCD9D9F-1BC8-47C0-B399-10099A1A1D86}
		{DF3B4835-067B-46E1-8D2C-E9A96BD1C0FE} = {CFCD9D9F-1BC8-47C0-B399-10099A1A1D86}
		{D0209C9A-8959-4CD1-9B0D-CCFE926DED5D} = {CFCD9D9F-1BC8-47C0-B399-10099A1A1D86}
		{E5C9A34B-BE2A-4717-B991-09A39949CF10} = {CFCD9D9F-1BC8-47C0-B399-10099A1A1D86}
	EndGlobalSection
	GlobalSection(ExtensibilityGlobals) = postSolution
		SolutionGuid = {228931F8-7F9A-453C-AA71-3B9A6C857238}
	EndGlobalSection
EndGlobal
